github.com/hugomods/icons v0.6.0 h1:G6RU93okhPPRDh/jqcew9gwkcYpSpg0rCBv4S6yUAFw=
github.com/hugomods/icons v0.6.0/go.mod h1:cIkSvK6W0q6N4U6n9KGz+QfRWQXAW0INd+1P31gPNGg=
github.com/hugomods/images v0.7.0 h1:NEGgCSrh1YuHGmTAL9wDAKLdXL4WU6Nw4BfkampJxyM=
github.com/hugomods/images v0.7.0/go.mod h1:U6Gwj16LKvk66rOMyGFrnF6f0aV8lT89lqOsckOAjYY=
github.com/hugomods/search v0.4.4 h1:g94Qc2zffh8ZRfSJUd7rAmgj7QWOAQgT/pPNN/skITs=
github.com/hugomods/search v0.4.4/go.mod h1:xdMNL0R06eMDyl8LVoFNp19lnFSNMFT+oje8j8N/WbI=
github.com/krisk/Fuse v6.6.2+incompatible h1:laigOpZFs/xUi9zGjVu5t19bcvzRVufoXCnPSgQZmYI=
github.com/krisk/Fuse v6.6.2+incompatible/go.mod h1:3moWv8rDjwoKic9nwiPLgZjldkbdTAbtzJHCu/Vsj4A=
github.com/michimani/simplog v0.0.0-20230526204025-be7cd1a6694e h1:KUa4MQe/v0TbRd2z49B4sND6aQHYKeVBGenNv6jVnI4=
github.com/michimani/simplog v0.0.0-20230526204025-be7cd1a6694e/go.mod h1:OYyHKMrmwd5vJiBDtonXmATXJG1rydhPvB0vmaclVPc=
github.com/nanxiaobei/hugo-paper v0.0.0-20230716040751-f8eba3b591b2 h1:OqhVPNO/oR4RAkgCiAu/utNvVVStABBxGB+mnAxmsO0=
github.com/nanxiaobei/hugo-paper v0.0.0-20230716040751-f8eba3b591b2/go.mod h1:CeRgawh+WFgm29TC2yGTPy9CAWkQaUABYejSFQDmL28=
github.com/nodejh/hugo-theme-mini v0.0.0-20230717024722-c6ce39c13659 h1:bWMm1bcj2RNpNhg3XlYNWC06I4OJi7ra4DWBlbKl8h4=
github.com/nodejh/hugo-theme-mini v0.0.0-20230717024722-c6ce39c13659/go.mod h1:+Rl6qKesH3DeBOjXcmPXB1L/LwD3RqXzopTzon/jv5Q=
github.com/twbs/icons v1.10.5 h1:F9uvW7cGfDBAautw5aeCmnB3hw4vv3aEQGbHnzcQKaE=
github.com/twbs/icons v1.10.5/go.mod h1:GnRlymgVWp5iVJCMa0Me5b6tFyGpVc2bSxPMRGIJmyA=
